{
  "requires": true,
  "lockfileVersion": 1,
  "dependencies": {
    "hash.js": {
      "version": "1.1.7",
      "resolved": "https://registry.npmjs.org/hash.js/-/hash.js-1.1.7.tgz",
      "integrity": "sha512-taOaskGt4z4SOANNseOviYDvjEJinIkRgmp7LbKP2YTTmVxWBl87s/uzK9r+44BclBSp2X7K1hqeNfz9JbBeXA==",
      "dev": true,
      "requires": {
        "inherits": "2.0.3",
        "minimalistic-assert": "1.0.1"
      }
    },
    "inherits": {
      "version": "2.0.3",
      "resolved": "https://registry.npmjs.org/inherits/-/inherits-2.0.3.tgz",
      "integrity": "sha1-Yzwsg+PaQqUC9SRmAiSA9CCCYd4=",
      "dev": true
    },
    "json-stable-stringify": {
      "version": "1.0.1",
      "resolved": "https://registry.npmjs.org/json-stable-stringify/-/json-stable-stringify-1.0.1.tgz",
      "integrity": "sha1-mnWdOcXy/1A/1TAGRu1EX4jE+a8=",
      "dev": true,
      "requires": {
        "jsonify": "0.0.0"
      }
    },
    "jsonify": {
      "version": "0.0.0",
      "resolved": "https://registry.npmjs.org/jsonify/-/jsonify-0.0.0.tgz",
      "integrity": "sha1-LHS27kHZPKUbe1qu6PUDYx0lKnM=",
      "dev": true
    },
    "minimalistic-assert": {
      "version": "1.0.1",
      "resolved": "https://registry.npmjs.org/minimalistic-assert/-/minimalistic-assert-1.0.1.tgz",
      "integrity": "sha512-UtJcAD4yEaGtjPezWuO9wC4nwUnVH/8/Im3yEHQP4b67cXlD/Qr9hdITCU1xDbSEXg2XKNaP8jsReV7vQd00/A==",
      "dev": true
    },
    "muclock": {
      "version": "0.1.10",
      "resolved": "https://registry.npmjs.org/muclock/-/muclock-0.1.10.tgz",
      "integrity": "sha512-EA9/70UC4E6XXelpohX9zt7Af+BmMZdw0mTbPcdtdHIhZ3cLrnVraPVEaXytML/IQa6aPiwBZ70fmdASHNfnfQ==",
      "dev": true,
      "requires": {
        "mudb": "0.2.8",
        "muschema": "0.2.3"
      }
    },
    "mudb": {
      "version": "0.2.8",
      "resolved": "https://registry.npmjs.org/mudb/-/mudb-0.2.8.tgz",
      "integrity": "sha512-Uj+MuHatnWDIrJ9rykAEdCo5mfrPc9KuIb3W6Qeao39C/2VTlzmxpMantA0WNXj9omwHzUaOEX7ff0O7EebOYQ==",
      "dev": true,
      "requires": {
        "hash.js": "1.1.7",
        "json-stable-stringify": "1.0.1",
        "muschema": "0.2.3",
        "mustreams": "0.1.8"
      }
    },
    "murpc": {
      "version": "0.1.7",
      "resolved": "https://registry.npmjs.org/murpc/-/murpc-0.1.7.tgz",
      "integrity": "sha512-ABHsRPNEGGysXOZDNXPOyXPzJ2UzQYojB12IbFp+5z7p9eWQBNffMC+H017SjjqphaOZkAzkNEofTu6EdX3pug==",
      "dev": true,
      "requires": {
        "mudb": "0.2.8",
        "muschema": "0.2.3"
      }
    },
    "muschema": {
      "version": "0.2.3",
      "resolved": "https://registry.npmjs.org/muschema/-/muschema-0.2.3.tgz",
      "integrity": "sha512-A66j6/OV7YPqoXrA8gcQ5tjclFYB9RHomgdxiGsUywLblce9jZnGMk+SBd6i1LXzhf77IN1+AhIaQBTyBCs3Jw==",
      "dev": true,
      "requires": {
        "mustreams": "0.1.8"
      }
    },
    "mustate": {
      "version": "0.2.6",
      "resolved": "https://registry.npmjs.org/mustate/-/mustate-0.2.6.tgz",
      "integrity": "sha512-Z9n0j8s8WBDUptYx6qf4uwYXb4q1PtZjI14ZTH3sJgBkteOlsU7cklsqgrAggJVKrkbp7LRu9PxMYcEPhljQ8g==",
      "dev": true,
      "requires": {
        "mudb": "0.2.8",
        "muschema": "0.2.3",
        "mustreams": "0.1.8"
      }
    },
    "mustreams": {
      "version": "0.1.8",
      "resolved": "https://registry.npmjs.org/mustreams/-/mustreams-0.1.8.tgz",
      "integrity": "sha512-oN5aJ1MyxFNFwZubsdZpl5LxXTe+SvB5ufbvj/GMORFLHuRJQ3MuxUuw5kV54DE2IBUAg6CjhttNBAitcq3yYQ==",
      "dev": true
    }
  }
}
